
Microsoft Visual Studio Solution File, Format Version 12.00
# Visual Studio Version 17
VisualStudioVersion = 17.8.34309.116
MinimumVisualStudioVersion = 10.0.40219.1
Project("{FAE04EC0-301F-11D3-BF4B-00C04F79EFBC}") = "NScript.ZeroTL", "NScript.ZeroTL\NScript.ZeroTL.csproj", "{FEFEEB2D-39B9-4A50-9359-9E34DBC541A1}"
EndProject
Project("{FAE04EC0-301F-11D3-BF4B-00C04F79EFBC}") = "NScript.ZeroTL.Demo", "NScript.ZeroTL.Demo\NScript.ZeroTL.Demo.csproj", "{1ADD3050-E83E-445B-A1AD-5239677D1063}"
EndProject
Global
	GlobalSection(SolutionConfigurationPlatforms) = preSolution
		Debug|Any CPU = Debug|Any CPU
		Release|Any CPU = Release|Any CPU
	EndGlobalSection
	GlobalSection(ProjectConfigurationPlatforms) = postSolution
		{FEFEEB2D-39B9-4A50-9359-9E34DBC541A1}.Debug|Any CPU.ActiveCfg = Debug|Any CPU
		{FEFEEB2D-39B9-4A50-9359-9E34DBC541A1}.Debug|Any CPU.Build.0 = Debug|Any CPU
		{FEFEEB2D-39B9-4A50-9359-9E34DBC541A1}.Release|Any CPU.ActiveCfg = Release|Any CPU
		{FEFEEB2D-39B9-4A50-9359-9E34DBC541A1}.Release|Any CPU.Build.0 = Release|Any CPU
		{1ADD3050-E83E-445B-A1AD-5239677D1063}.Debug|Any CPU.ActiveCfg = Debug|Any CPU
		{1ADD3050-E83E-445B-A1AD-5239677D1063}.Debug|Any CPU.Build.0 = Debug|Any CPU
		{1ADD3050-E83E-445B-A1AD-5239677D1063}.Release|Any CPU.ActiveCfg = Release|Any CPU
		{1ADD3050-E83E-445B-A1AD-5239677D1063}.Release|Any CPU.Build.0 = Release|Any CPU
	EndGlobalSection
	GlobalSection(SolutionProperties) = preSolution
		HideSolutionNode = FALSE
	EndGlobalSection
	GlobalSection(ExtensibilityGlobals) = postSolution
		SolutionGuid = {0B996EFF-9200-4A90-A3B7-C4B2106CE391}
	EndGlobalSection
EndGlobal
